
Microsoft Visual Studio Solution File, Format Version 12.00
# Visual Studio Version 17
VisualStudioVersion = 17.2.32630.192
MinimumVisualStudioVersion = 10.0.40219.1
Project("{FAE04EC0-301F-11D3-BF4B-00C04F79EFBC}") = "1_TypyGeneryczne", "1_TypyGeneryczne\1_TypyGeneryczne.csproj", "{5D71CB9F-A0BF-4A80-868E-371A4D89A819}"
EndProject
Global
	GlobalSection(SolutionConfigurationPlatforms) = preSolution
		Debug|Any CPU = Debug|Any CPU
		Release|Any CPU = Release|Any CPU
	EndGlobalSection
	GlobalSection(ProjectConfigurationPlatforms) = postSolution
		{5D71CB9F-A0BF-4A80-868E-371A4D89A819}.Debug|Any CPU.ActiveCfg = Debug|Any CPU
		{5D71CB9F-A0BF-4A80-868E-371A4D89A819}.Debug|Any CPU.Build.0 = Debug|Any CPU
		{5D71CB9F-A0BF-4A80-868E-371A4D89A819}.Release|Any CPU.ActiveCfg = Release|Any CPU
		{5D71CB9F-A0BF-4A80-868E-371A4D89A819}.Release|Any CPU.Build.0 = Release|Any CPU
	EndGlobalSection
	GlobalSection(SolutionProperties) = preSolution
		HideSolutionNode = FALSE
	EndGlobalSection
	GlobalSection(ExtensibilityGlobals) = postSolution
		SolutionGuid = {4C749F89-291A-446F-AA2F-2EBEE0F2EBFB}
	EndGlobalSection
EndGlobal
